
Microsoft Visual Studio Solution File, Format Version 12.00
# Visual Studio Version 17
VisualStudioVersion = 17.4.33213.308
MinimumVisualStudioVersion = 10.0.40219.1
Project("{FAE04EC0-301F-11D3-BF4B-00C04F79EFBC}") = "hws_25.04", "hws_25.04.csproj", "{6C66B5CC-7A80-4779-86AA-CE63808E123B}"
EndProject
Global
	GlobalSection(SolutionConfigurationPlatforms) = preSolution
		Debug|Any CPU = Debug|Any CPU
		Release|Any CPU = Release|Any CPU
	EndGlobalSection
	GlobalSection(ProjectConfigurationPlatforms) = postSolution
		{6C66B5CC-7A80-4779-86AA-CE63808E123B}.Debug|Any CPU.ActiveCfg = Debug|Any CPU
		{6C66B5CC-7A80-4779-86AA-CE63808E123B}.Debug|Any CPU.Build.0 = Debug|Any CPU
		{6C66B5CC-7A80-4779-86AA-CE63808E123B}.Release|Any CPU.ActiveCfg = Release|Any CPU
		{6C66B5CC-7A80-4779-86AA-CE63808E123B}.Release|Any CPU.Build.0 = Release|Any CPU
	EndGlobalSection
	GlobalSection(SolutionProperties) = preSolution
		HideSolutionNode = FALSE
	EndGlobalSection
	GlobalSection(ExtensibilityGlobals) = postSolution
		SolutionGuid = {7D699786-792E-4CD3-B11B-9FAC570FCC85}
	EndGlobalSection
EndGlobal
